
Microsoft Visual Studio Solution File, Format Version 12.00
Project("{FAE04EC0-301F-11D3-BF4B-00C04F79EFBC}") = "Api", "Api\Api.csproj", "{B5EC9742-A947-4D7E-AA52-A3AAFBA71CA2}"
EndProject
Project("{FAE04EC0-301F-11D3-BF4B-00C04F79EFBC}") = "Core", "Core\Core.csproj", "{05B451C2-ED9E-4FE5-AA7A-41638C3BDEFF}"
EndProject
Project("{FAE04EC0-301F-11D3-BF4B-00C04F79EFBC}") = "Test", "Test\Test.csproj", "{F109DABA-A2EC-46A9-AB8D-411755336BFC}"
EndProject
Project("{FAE04EC0-301F-11D3-BF4B-00C04F79EFBC}") = "ConsoleApp", "ConsoleApp\ConsoleApp.csproj", "{3A92E23F-0C5D-4A71-B844-898D15F3B6E9}"
EndProject
Global
	GlobalSection(SolutionConfigurationPlatforms) = preSolution
		Debug|Any CPU = Debug|Any CPU
		Release|Any CPU = Release|Any CPU
	EndGlobalSection
	GlobalSection(ProjectConfigurationPlatforms) = postSolution
		{B5EC9742-A947-4D7E-AA52-A3AAFBA71CA2}.Debug|Any CPU.ActiveCfg = Debug|Any CPU
		{B5EC9742-A947-4D7E-AA52-A3AAFBA71CA2}.Debug|Any CPU.Build.0 = Debug|Any CPU
		{B5EC9742-A947-4D7E-AA52-A3AAFBA71CA2}.Release|Any CPU.ActiveCfg = Release|Any CPU
		{B5EC9742-A947-4D7E-AA52-A3AAFBA71CA2}.Release|Any CPU.Build.0 = Release|Any CPU
		{05B451C2-ED9E-4FE5-AA7A-41638C3BDEFF}.Debug|Any CPU.ActiveCfg = Debug|Any CPU
		{05B451C2-ED9E-4FE5-AA7A-41638C3BDEFF}.Debug|Any CPU.Build.0 = Debug|Any CPU
		{05B451C2-ED9E-4FE5-AA7A-41638C3BDEFF}.Release|Any CPU.ActiveCfg = Release|Any CPU
		{05B451C2-ED9E-4FE5-AA7A-41638C3BDEFF}.Release|Any CPU.Build.0 = Release|Any CPU
		{F109DABA-A2EC-46A9-AB8D-411755336BFC}.Debug|Any CPU.ActiveCfg = Debug|Any CPU
		{F109DABA-A2EC-46A9-AB8D-411755336BFC}.Debug|Any CPU.Build.0 = Debug|Any CPU
		{F109DABA-A2EC-46A9-AB8D-411755336BFC}.Release|Any CPU.ActiveCfg = Release|Any CPU
		{F109DABA-A2EC-46A9-AB8D-411755336BFC}.Release|Any CPU.Build.0 = Release|Any CPU
		{3A92E23F-0C5D-4A71-B844-898D15F3B6E9}.Debug|Any CPU.ActiveCfg = Debug|Any CPU
		{3A92E23F-0C5D-4A71-B844-898D15F3B6E9}.Debug|Any CPU.Build.0 = Debug|Any CPU
		{3A92E23F-0C5D-4A71-B844-898D15F3B6E9}.Release|Any CPU.ActiveCfg = Release|Any CPU
		{3A92E23F-0C5D-4A71-B844-898D15F3B6E9}.Release|Any CPU.Build.0 = Release|Any CPU
	EndGlobalSection
EndGlobal
